
Microsoft Visual Studio Solution File, Format Version 12.00
# Visual Studio 15
VisualStudioVersion = 15.0.27130.2026
MinimumVisualStudioVersion = 10.0.40219.1
Project("{8BC9CEB8-8B4A-11D0-8D11-00A0C91BC942}") = "JSONMenu", "JSONMenu\JSONMenu.vcxproj", "{DC603DB7-27BA-4A29-8067-82D4E1A0F3ED}"
EndProject
Project("{8BC9CEB8-8B4A-11D0-8D11-00A0C91BC942}") = "SonicRushMenu", "SonicRushMenu\SonicRushMenu.vcxproj", "{306A48B9-721D-462A-971B-DAED26E66276}"
EndProject
Global
	GlobalSection(SolutionConfigurationPlatforms) = preSolution
		Debug|x64 = Debug|x64
		Debug|x86 = Debug|x86
		Release|x64 = Release|x64
		Release|x86 = Release|x86
	EndGlobalSection
	GlobalSection(ProjectConfigurationPlatforms) = postSolution
		{DC603DB7-27BA-4A29-8067-82D4E1A0F3ED}.Debug|x64.ActiveCfg = Debug|x64
		{DC603DB7-27BA-4A29-8067-82D4E1A0F3ED}.Debug|x64.Build.0 = Debug|x64
		{DC603DB7-27BA-4A29-8067-82D4E1A0F3ED}.Debug|x86.ActiveCfg = Debug|Win32
		{DC603DB7-27BA-4A29-8067-82D4E1A0F3ED}.Debug|x86.Build.0 = Debug|Win32
		{DC603DB7-27BA-4A29-8067-82D4E1A0F3ED}.Release|x64.ActiveCfg = Release|x64
		{DC603DB7-27BA-4A29-8067-82D4E1A0F3ED}.Release|x64.Build.0 = Release|x64
		{DC603DB7-27BA-4A29-8067-82D4E1A0F3ED}.Release|x86.ActiveCfg = Release|Win32
		{DC603DB7-27BA-4A29-8067-82D4E1A0F3ED}.Release|x86.Build.0 = Release|Win32
		{306A48B9-721D-462A-971B-DAED26E66276}.Debug|x64.ActiveCfg = Debug|x64
		{306A48B9-721D-462A-971B-DAED26E66276}.Debug|x64.Build.0 = Debug|x64
		{306A48B9-721D-462A-971B-DAED26E66276}.Debug|x86.ActiveCfg = Debug|Win32
		{306A48B9-721D-462A-971B-DAED26E66276}.Debug|x86.Build.0 = Debug|Win32
		{306A48B9-721D-462A-971B-DAED26E66276}.Release|x64.ActiveCfg = Release|x64
		{306A48B9-721D-462A-971B-DAED26E66276}.Release|x64.Build.0 = Release|x64
		{306A48B9-721D-462A-971B-DAED26E66276}.Release|x86.ActiveCfg = Release|Win32
		{306A48B9-721D-462A-971B-DAED26E66276}.Release|x86.Build.0 = Release|Win32
	EndGlobalSection
	GlobalSection(SolutionProperties) = preSolution
		HideSolutionNode = FALSE
	EndGlobalSection
	GlobalSection(ExtensibilityGlobals) = postSolution
		SolutionGuid = {80067133-122C-4394-94F0-3923C267777B}
	EndGlobalSection
EndGlobal
